
Microsoft Visual Studio Solution File, Format Version 12.00
# Visual Studio 16
Project("{FAE04EC0-301F-11D3-BF4B-00C04F79EFBC}") = "Assembly-CSharp", "Assembly-CSharp.csproj", "{B3123159-DF70-3371-42CF-A08B1208A929}"
EndProject
Project("{FAE04EC0-301F-11D3-BF4B-00C04F79EFBC}") = "Assembly-CSharp-Editor", "Assembly-CSharp-Editor.csproj", "{E0482DBD-3756-7E12-11FA-E5FF1CDD3DC9}"
EndProject
Global
	GlobalSection(SolutionConfigurationPlatforms) = preSolution
		Debug|Any CPU = Debug|Any CPU
		Release|Any CPU = Release|Any CPU
	EndGlobalSection
	GlobalSection(ProjectConfigurationPlatforms) = postSolution
		{B3123159-DF70-3371-42CF-A08B1208A929}.Debug|Any CPU.ActiveCfg = Debug|Any CPU
		{B3123159-DF70-3371-42CF-A08B1208A929}.Debug|Any CPU.Build.0 = Debug|Any CPU
		{B3123159-DF70-3371-42CF-A08B1208A929}.Release|Any CPU.ActiveCfg = Release|Any CPU
		{B3123159-DF70-3371-42CF-A08B1208A929}.Release|Any CPU.Build.0 = Release|Any CPU
		{E0482DBD-3756-7E12-11FA-E5FF1CDD3DC9}.Debug|Any CPU.ActiveCfg = Debug|Any CPU
		{E0482DBD-3756-7E12-11FA-E5FF1CDD3DC9}.Debug|Any CPU.Build.0 = Debug|Any CPU
		{E0482DBD-3756-7E12-11FA-E5FF1CDD3DC9}.Release|Any CPU.ActiveCfg = Release|Any CPU
		{E0482DBD-3756-7E12-11FA-E5FF1CDD3DC9}.Release|Any CPU.Build.0 = Release|Any CPU
	EndGlobalSection
	GlobalSection(SolutionProperties) = preSolution
		HideSolutionNode = FALSE
	EndGlobalSection
EndGlobal
